
Microsoft Visual Studio Solution File, Format Version 12.00
# Visual Studio Version 17
VisualStudioVersion = 17.14.36109.1 d17.14
MinimumVisualStudioVersion = 10.0.40219.1
Project("{FAE04EC0-301F-11D3-BF4B-00C04F79EFBC}") = "CameraApp", "CameraApp.csproj", "{B952C5E1-9C41-6703-4D2D-C783F6C0B259}"
EndProject
Global
	GlobalSection(SolutionConfigurationPlatforms) = preSolution
		Debug|Any CPU = Debug|Any CPU
		Release|Any CPU = Release|Any CPU
	EndGlobalSection
	GlobalSection(ProjectConfigurationPlatforms) = postSolution
		{B952C5E1-9C41-6703-4D2D-C783F6C0B259}.Debug|Any CPU.ActiveCfg = Debug|Any CPU
		{B952C5E1-9C41-6703-4D2D-C783F6C0B259}.Debug|Any CPU.Build.0 = Debug|Any CPU
		{B952C5E1-9C41-6703-4D2D-C783F6C0B259}.Release|Any CPU.ActiveCfg = Release|Any CPU
		{B952C5E1-9C41-6703-4D2D-C783F6C0B259}.Release|Any CPU.Build.0 = Release|Any CPU
	EndGlobalSection
	GlobalSection(SolutionProperties) = preSolution
		HideSolutionNode = FALSE
	EndGlobalSection
	GlobalSection(ExtensibilityGlobals) = postSolution
		SolutionGuid = {5E1EC084-9507-4319-8140-700B0CC06134}
	EndGlobalSection
EndGlobal
